// !$*UTF8*$!
{
	archiveVersion = 1;
	classes = {
	};
	objectVersion = 46;
	objects = {

/* Begin PBXBuildFile section */
		C201C1DA1B2C301E00F2BB8D /* KOClient.swift in Sources */ = {isa = PBXBuildFile; fileRef = C201C1D91B2C301E00F2BB8D /* KOClient.swift */; };
		C268C5D41B2AFE9200E191DA /* AppDelegate.swift in Sources */ = {isa = PBXBuildFile; fileRef = C268C5D31B2AFE9200E191DA /* AppDelegate.swift */; };
		C268C5D61B2AFE9200E191DA /* MasterViewController.swift in Sources */ = {isa = PBXBuildFile; fileRef = C268C5D51B2AFE9200E191DA /* MasterViewController.swift */; };
		C268C5D81B2AFE9200E191DA /* DetailViewController.swift in Sources */ = {isa = PBXBuildFile; fileRef = C268C5D71B2AFE9200E191DA /* DetailViewController.swift */; };
		C268C5DB1B2AFE9200E191DA /* Main.storyboard in Resources */ = {isa = PBXBuildFile; fileRef = C268C5D91B2AFE9200E191DA /* Main.storyboard */; };
		C268C5DD1B2AFE9200E191DA /* Images.xcassets in Resources */ = {isa = PBXBuildFile; fileRef = C268C5DC1B2AFE9200E191DA /* Images.xcassets */; };
		C268C5E01B2AFE9200E191DA /* LaunchScreen.xib in Resources */ = {isa = PBXBuildFile; fileRef = C268C5DE1B2AFE9200E191DA /* LaunchScreen.xib */; };
		C268C5EC1B2AFE9200E191DA /* KODemoTests.swift in Sources */ = {isa = PBXBuildFile; fileRef = C268C5EB1B2AFE9200E191DA /* KODemoTests.swift */; };
		C268C5F61B2B0E1600E191DA /* MasterViewControllerTableViewController.swift in Sources */ = {isa = PBXBuildFile; fileRef = C268C5F51B2B0E1600E191DA /* MasterViewControllerTableViewController.swift */; };
		C268C5F81B2B103000E191DA /* DetailsViewController.swift in Sources */ = {isa = PBXBuildFile; fileRef = C268C5F71B2B103000E191DA /* DetailsViewController.swift */; };
		C268C5FA1B2B140A00E191DA /* Monster.swift in Sources */ = {isa = PBXBuildFile; fileRef = C268C5F91B2B140A00E191DA /* Monster.swift */; };
		CECBB1451B31F2ED00E0E301 /* DetailsUICollectionViewLayout.swift in Sources */ = {isa = PBXBuildFile; fileRef = CECBB1441B31F2ED00E0E301 /* DetailsUICollectionViewLayout.swift */; };
/* End PBXBuildFile section */

/* Begin PBXContainerItemProxy section */
		C268C5E61B2AFE9200E191DA /* PBXContainerItemProxy */ = {
			isa = PBXContainerItemProxy;
			containerPortal = C268C5C61B2AFE9200E191DA /* Project object */;
			proxyType = 1;
			remoteGlobalIDString = C268C5CD1B2AFE9200E191DA;
			remoteInfo = KODemo;
		};
/* End PBXContainerItemProxy section */

/* Begin PBXFileReference section */
		C201C1D91B2C301E00F2BB8D /* KOClient.swift */ = {isa = PBXFileReference; fileEncoding = 4; lastKnownFileType = sourcecode.swift; path = KOClient.swift; sourceTree = "<group>"; };
		C268C5CE1B2AFE9200E191DA /* KODemo.app */ = {isa = PBXFileReference; explicitFileType = wrapper.application; includeInIndex = 0; path = KODemo.app; sourceTree = BUILT_PRODUCTS_DIR; };
		C268C5D21B2AFE9200E191DA /* Info.plist */ = {isa = PBXFileReference; lastKnownFileType = text.plist.xml; path = Info.plist; sourceTree = "<group>"; };
		C268C5D31B2AFE9200E191DA /* AppDelegate.swift */ = {isa = PBXFileReference; lastKnownFileType = sourcecode.swift; path = AppDelegate.swift; sourceTree = "<group>"; };
		C268C5D51B2AFE9200E191DA /* MasterViewController.swift */ = {isa = PBXFileReference; lastKnownFileType = sourcecode.swift; path = MasterViewController.swift; sourceTree = "<group>"; };
		C268C5D71B2AFE9200E191DA /* DetailViewController.swift */ = {isa = PBXFileReference; lastKnownFileType = sourcecode.swift; path = DetailViewController.swift; sourceTree = "<group>"; };
		C268C5DA1B2AFE9200E191DA /* Base */ = {isa = PBXFileReference; lastKnownFileType = file.storyboard; name = Base; path = Base.lproj/Main.storyboard; sourceTree = "<group>"; };
		C268C5DC1B2AFE9200E191DA /* Images.xcassets */ = {isa = PBXFileReference; lastKnownFileType = folder.assetcatalog; path = Images.xcassets; sourceTree = "<group>"; };
		C268C5DF1B2AFE9200E191DA /* Base */ = {isa = PBXFileReference; lastKnownFileType = file.xib; name = Base; path = Base.lproj/LaunchScreen.xib; sourceTree = "<group>"; };
		C268C5E51B2AFE9200E191DA /* KODemoTests.xctest */ = {isa = PBXFileReference; explicitFileType = wrapper.cfbundle; includeInIndex = 0; path = KODemoTests.xctest; sourceTree = BUILT_PRODUCTS_DIR; };
		C268C5EA1B2AFE9200E191DA /* Info.plist */ = {isa = PBXFileReference; lastKnownFileType = text.plist.xml; path = Info.plist; sourceTree = "<group>"; };
		C268C5EB1B2AFE9200E191DA /* KODemoTests.swift */ = {isa = PBXFileReference; lastKnownFileType = sourcecode.swift; path = KODemoTests.swift; sourceTree = "<group>"; };
		C268C5F51B2B0E1600E191DA /* MasterViewControllerTableViewController.swift */ = {isa = PBXFileReference; fileEncoding = 4; lastKnownFileType = sourcecode.swift; path = MasterViewControllerTableViewController.swift; sourceTree = "<group>"; };
		C268C5F71B2B103000E191DA /* DetailsViewController.swift */ = {isa = PBXFileReference; fileEncoding = 4; lastKnownFileType = sourcecode.swift; path = DetailsViewController.swift; sourceTree = "<group>"; };
		C268C5F91B2B140A00E191DA /* Monster.swift */ = {isa = PBXFileReference; fileEncoding = 4; lastKnownFileType = sourcecode.swift; path = Monster.swift; sourceTree = "<group>"; };
		CECBB1441B31F2ED00E0E301 /* DetailsUICollectionViewLayout.swift */ = {isa = PBXFileReference; fileEncoding = 4; lastKnownFileType = sourcecode.swift; path = DetailsUICollectionViewLayout.swift; sourceTree = "<group>"; };
/* End PBXFileReference section */

/* Begin PBXFrameworksBuildPhase section */
		C268C5CB1B2AFE9200E191DA /* Frameworks */ = {
			isa = PBXFrameworksBuildPhase;
			buildActionMask = 2147483647;
			files = (
			);
			runOnlyForDeploymentPostprocessing = 0;
		};
		C268C5E21B2AFE9200E191DA /* Frameworks */ = {
			isa = PBXFrameworksBuildPhase;
			buildActionMask = 2147483647;
			files = (
			);
			runOnlyForDeploymentPostprocessing = 0;
		};
/* End PBXFrameworksBuildPhase section */

/* Begin PBXGroup section */
		C268C5C51B2AFE9200E191DA = {
			isa = PBXGroup;
			children = (
				C268C5D01B2AFE9200E191DA /* KODemo */,
				C268C5E81B2AFE9200E191DA /* KODemoTests */,
				C268C5CF1B2AFE9200E191DA /* Products */,
			);
			sourceTree = "<group>";
			usesTabs = 0;
		};
		C268C5CF1B2AFE9200E191DA /* Products */ = {
			isa = PBXGroup;
			children = (
				C268C5CE1B2AFE9200E191DA /* KODemo.app */,
				C268C5E51B2AFE9200E191DA /* KODemoTests.xctest */,
			);
			name = Products;
			sourceTree = "<group>";
		};
		C268C5D01B2AFE9200E191DA /* KODemo */ = {
			isa = PBXGroup;
			children = (
				C268C5D31B2AFE9200E191DA /* AppDelegate.swift */,
				C268C5D51B2AFE9200E191DA /* MasterViewController.swift */,
				C268C5D71B2AFE9200E191DA /* DetailViewController.swift */,
				C268C5D91B2AFE9200E191DA /* Main.storyboard */,
				C268C5DC1B2AFE9200E191DA /* Images.xcassets */,
				C268C5DE1B2AFE9200E191DA /* LaunchScreen.xib */,
				C268C5D11B2AFE9200E191DA /* Supporting Files */,
				C268C5F51B2B0E1600E191DA /* MasterViewControllerTableViewController.swift */,
				C268C5F71B2B103000E191DA /* DetailsViewController.swift */,
				C268C5F91B2B140A00E191DA /* Monster.swift */,
				C201C1D91B2C301E00F2BB8D /* KOClient.swift */,
				CECBB1441B31F2ED00E0E301 /* DetailsUICollectionViewLayout.swift */,
			);
			path = KODemo;
			sourceTree = "<group>";
		};
		C268C5D11B2AFE9200E191DA /* Supporting Files */ = {
			isa = PBXGroup;
			children = (
				C268C5D21B2AFE9200E191DA /* Info.plist */,
			);
			name = "Supporting Files";
			sourceTree = "<group>";
		};
		C268C5E81B2AFE9200E191DA /* KODemoTests */ = {
			isa = PBXGroup;
			children = (
				C268C5EB1B2AFE9200E191DA /* KODemoTests.swift */,
				C268C5E91B2AFE9200E191DA /* Supporting Files */,
			);
			path = KODemoTests;
			sourceTree = "<group>";
		};
		C268C5E91B2AFE9200E191DA /* Supporting Files */ = {
			isa = PBXGroup;
			children = (
				C268C5EA1B2AFE9200E191DA /* Info.plist */,
			);
			name = "Supporting Files";
			sourceTree = "<group>";
		};
/* End PBXGroup section */

/* Begin PBXNativeTarget section */
		C268C5CD1B2AFE9200E191DA /* KODemo */ = {
			isa = PBXNativeTarget;
			buildConfigurationList = C268C5EF1B2AFE9200E191DA /* Build configuration list for PBXNativeTarget "KODemo" */;
			buildPhases = (
				C268C5CA1B2AFE9200E191DA /* Sources */,
				C268C5CB1B2AFE9200E191DA /* Frameworks */,
				C268C5CC1B2AFE9200E191DA /* Resources */,
			);
			buildRules = (
			);
			dependencies = (
			);
			name = KODemo;
			productName = KODemo;
			productReference = C268C5CE1B2AFE9200E191DA /* KODemo.app */;
			productType = "com.apple.product-type.application";
		};
		C268C5E41B2AFE9200E191DA /* KODemoTests */ = {
			isa = PBXNativeTarget;
			buildConfigurationList = C268C5F21B2AFE9200E191DA /* Build configuration list for PBXNativeTarget "KODemoTests" */;
			buildPhases = (
				C268C5E11B2AFE9200E191DA /* Sources */,
				C268C5E21B2AFE9200E191DA /* Frameworks */,
				C268C5E31B2AFE9200E191DA /* Resources */,
			);
			buildRules = (
			);
			dependencies = (
				C268C5E71B2AFE9200E191DA /* PBXTargetDependency */,
			);
			name = KODemoTests;
			productName = KODemoTests;
			productReference = C268C5E51B2AFE9200E191DA /* KODemoTests.xctest */;
			productType = "com.apple.product-type.bundle.unit-test";
		};
/* End PBXNativeTarget section */

/* Begin PBXProject section */
		C268C5C61B2AFE9200E191DA /* Project object */ = {
			isa = PBXProject;
			attributes = {
				LastUpgradeCheck = 0630;
				ORGANIZATIONNAME = "Michael Walter";
				TargetAttributes = {
					C268C5CD1B2AFE9200E191DA = {
						CreatedOnToolsVersion = 6.3.2;
						DevelopmentTeam = S36559RYN2;
					};
					C268C5E41B2AFE9200E191DA = {
						CreatedOnToolsVersion = 6.3.2;
						TestTargetID = C268C5CD1B2AFE9200E191DA;
					};
				};
			};
			buildConfigurationList = C268C5C91B2AFE9200E191DA /* Build configuration list for PBXProject "KODemo" */;
			compatibilityVersion = "Xcode 3.2";
			developmentRegion = English;
			hasScannedForEncodings = 0;
			knownRegions = (
				en,
				Base,
			);
			mainGroup = C268C5C51B2AFE9200E191DA;
			productRefGroup = C268C5CF1B2AFE9200E191DA /* Products */;
			projectDirPath = "";
			projectRoot = "";
			targets = (
				C268C5CD1B2AFE9200E191DA /* KODemo */,
				C268C5E41B2AFE9200E191DA /* KODemoTests */,
			);
		};
/* End PBXProject section */

/* Begin PBXResourcesBuildPhase section */
		C268C5CC1B2AFE9200E191DA /* Resources */ = {
			isa = PBXResourcesBuildPhase;
			buildActionMask = 2147483647;
			files = (
				C268C5DB1B2AFE9200E191DA /* Main.storyboard in Resources */,
				C268C5E01B2AFE9200E191DA /* LaunchScreen.xib in Resources */,
				C268C5DD1B2AFE9200E191DA /* Images.xcassets in Resources */,
			);
			runOnlyForDeploymentPostprocessing = 0;
		};
		C268C5E31B2AFE9200E191DA /* Resources */ = {
			isa = PBXResourcesBuildPhase;
			buildActionMask = 2147483647;
			files = (
			);
			runOnlyForDeploymentPostprocessing = 0;
		};
/* End PBXResourcesBuildPhase section */

/* Begin PBXSourcesBuildPhase section */
		C268C5CA1B2AFE9200E191DA /* Sources */ = {
			isa = PBXSourcesBuildPhase;
			buildActionMask = 2147483647;
			files = (
				C268C5D81B2AFE9200E191DA /* DetailViewController.swift in Sources */,
				C201C1DA1B2C301E00F2BB8D /* KOClient.swift in Sources */,
				C268C5D61B2AFE9200E191DA /* MasterViewController.swift in Sources */,
				C268C5F61B2B0E1600E191DA /* MasterViewControllerTableViewController.swift in Sources */,
				C268C5D41B2AFE9200E191DA /* AppDelegate.swift in Sources */,
				C268C5FA1B2B140A00E191DA /* Monster.swift in Sources */,
				C268C5F81B2B103000E191DA /* DetailsViewController.swift in Sources */,
				CECBB1451B31F2ED00E0E301 /* DetailsUICollectionViewLayout.swift in Sources */,
			);
			runOnlyForDeploymentPostprocessing = 0;
		};
		C268C5E11B2AFE9200E191DA /* Sources */ = {
			isa = PBXSourcesBuildPhase;
			buildActionMask = 2147483647;
			files = (
				C268C5EC1B2AFE9200E191DA /* KODemoTests.swift in Sources */,
			);
			runOnlyForDeploymentPostprocessing = 0;
		};
/* End PBXSourcesBuildPhase section */

/* Begin PBXTargetDependency section */
		C268C5E71B2AFE9200E191DA /* PBXTargetDependency */ = {
			isa = PBXTargetDependency;
			target = C268C5CD1B2AFE9200E191DA /* KODemo */;
			targetProxy = C268C5E61B2AFE9200E191DA /* PBXContainerItemProxy */;
		};
/* End PBXTargetDependency section */

/* Begin PBXVariantGroup section */
		C268C5D91B2AFE9200E191DA /* Main.storyboard */ = {
			isa = PBXVariantGroup;
			children = (
				C268C5DA1B2AFE9200E191DA /* Base */,
			);
			name = Main.storyboard;
			sourceTree = "<group>";
		};
		C268C5DE1B2AFE9200E191DA /* LaunchScreen.xib */ = {
			isa = PBXVariantGroup;
			children = (
				C268C5DF1B2AFE9200E191DA /* Base */,
			);
			name = LaunchScreen.xib;
			sourceTree = "<group>";
		};
/* End PBXVariantGroup section */

/* Begin XCBuildConfiguration section */
		C268C5ED1B2AFE9200E191DA /* Debug */ = {
			isa = XCBuildConfiguration;
			buildSettings = {
				ALWAYS_SEARCH_USER_PATHS = NO;
				CLANG_CXX_LANGUAGE_STANDARD = "gnu++0x";
				CLANG_CXX_LIBRARY = "libc++";
				CLANG_ENABLE_MODULES = YES;
				CLANG_ENABLE_OBJC_ARC = YES;
				CLANG_WARN_BOOL_CONVERSION = YES;
				CLANG_WARN_CONSTANT_CONVERSION = YES;
				CLANG_WARN_DIRECT_OBJC_ISA_USAGE = YES_ERROR;
				CLANG_WARN_EMPTY_BODY = YES;
				CLANG_WARN_ENUM_CONVERSION = YES;
				CLANG_WARN_INT_CONVERSION = YES;
				CLANG_WARN_OBJC_ROOT_CLASS = YES_ERROR;
				CLANG_WARN_UNREACHABLE_CODE = YES;
				CLANG_WARN__DUPLICATE_METHOD_MATCH = YES;
				"CODE_SIGN_IDENTITY[sdk=iphoneos*]" = "iPhone Developer";
				COPY_PHASE_STRIP = NO;
				DEBUG_INFORMATION_FORMAT = "dwarf-with-dsym";
				ENABLE_STRICT_OBJC_MSGSEND = YES;
				GCC_C_LANGUAGE_STANDARD = gnu99;
				GCC_DYNAMIC_NO_PIC = NO;
				GCC_NO_COMMON_BLOCKS = YES;
				GCC_OPTIMIZATION_LEVEL = 0;
				GCC_PREPROCESSOR_DEFINITIONS = (
					"DEBUG=1",
					"$(inherited)",
				);
				GCC_SYMBOLS_PRIVATE_EXTERN = NO;
				GCC_WARN_64_TO_32_BIT_CONVERSION = YES;
				GCC_WARN_ABOUT_RETURN_TYPE = YES_ERROR;
				GCC_WARN_UNDECLARED_SELECTOR = YES;
				GCC_WARN_UNINITIALIZED_AUTOS = YES_AGGRESSIVE;
				GCC_WARN_UNUSED_FUNCTION = YES;
				GCC_WARN_UNUSED_VARIABLE = YES;
				IPHONEOS_DEPLOYMENT_TARGET = 8.3;
				MTL_ENABLE_DEBUG_INFO = YES;
				ONLY_ACTIVE_ARCH = YES;
				SDKROOT = iphoneos;
				SWIFT_OPTIMIZATION_LEVEL = "-Onone";
				TARGETED_DEVICE_FAMILY = "1,2";
			};
			name = Debug;
		};
		C268C5EE1B2AFE9200E191DA /* Release */ = {
			isa = XCBuildConfiguration;
			buildSettings = {
				ALWAYS_SEARCH_USER_PATHS = NO;
				CLANG_CXX_LANGUAGE_STANDARD = "gnu++0x";
				CLANG_CXX_LIBRARY = "libc++";
				CLANG_ENABLE_MODULES = YES;
				CLANG_ENABLE_OBJC_ARC = YES;
				CLANG_WARN_BOOL_CONVERSION = YES;
				CLANG_WARN_CONSTANT_CONVERSION = YES;
				CLANG_WARN_DIRECT_OBJC_ISA_USAGE = YES_ERROR;
				CLANG_WARN_EMPTY_BODY = YES;
				CLANG_WARN_ENUM_CONVERSION = YES;
				CLANG_WARN_INT_CONVERSION = YES;
				CLANG_WARN_OBJC_ROOT_CLASS = YES_ERROR;
				CLANG_WARN_UNREACHABLE_CODE = YES;
				CLANG_WARN__DUPLICATE_METHOD_MATCH = YES;
				"CODE_SIGN_IDENTITY[sdk=iphoneos*]" = "iPhone Developer";
				COPY_PHASE_STRIP = NO;
				DEBUG_INFORMATION_FORMAT = "dwarf-with-dsym";
				ENABLE_NS_ASSERTIONS = NO;
				ENABLE_STRICT_OBJC_MSGSEND = YES;
				GCC_C_LANGUAGE_STANDARD = gnu99;
				GCC_NO_COMMON_BLOCKS = YES;
				GCC_WARN_64_TO_32_BIT_CONVERSION = YES;
				GCC_WARN_ABOUT_RETURN_TYPE = YES_ERROR;
				GCC_WARN_UNDECLARED_SELECTOR = YES;
				GCC_WARN_UNINITIALIZED_AUTOS = YES_AGGRESSIVE;
				GCC_WARN_UNUSED_FUNCTION = YES;
				GCC_WARN_UNUSED_VARIABLE = YES;
				IPHONEOS_DEPLOYMENT_TARGET = 8.3;
				MTL_ENABLE_DEBUG_INFO = NO;
				SDKROOT = iphoneos;
				TARGETED_DEVICE_FAMILY = "1,2";
				VALIDATE_PRODUCT = YES;
			};
			name = Release;
		};
		C268C5F01B2AFE9200E191DA /* Debug */ = {
			isa = XCBuildConfiguration;
			buildSettings = {
				ASSETCATALOG_COMPILER_APPICON_NAME = AppIcon;
				CODE_SIGN_IDENTITY = "iPhone Developer";
				"CODE_SIGN_IDENTITY[sdk=iphoneos*]" = "iPhone Developer";
				INFOPLIST_FILE = KODemo/Info.plist;
				LD_RUNPATH_SEARCH_PATHS = "$(inherited) @executable_path/Frameworks";
				PRODUCT_NAME = "$(TARGET_NAME)";
				PROVISIONING_PROFILE = "";
			};
			name = Debug;
		};
		C268C5F11B2AFE9200E191DA /* Release */ = {
			isa = XCBuildConfiguration;
			buildSettings = {
				ASSETCATALOG_COMPILER_APPICON_NAME = AppIcon;
				CODE_SIGN_IDENTITY = "iPhone Developer";
				"CODE_SIGN_IDENTITY[sdk=iphoneos*]" = "iPhone Developer";
				INFOPLIST_FILE = KODemo/Info.plist;
				LD_RUNPATH_SEARCH_PATHS = "$(inherited) @executable_path/Frameworks";
				PRODUCT_NAME = "$(TARGET_NAME)";
				PROVISIONING_PROFILE = "";
			};
			name = Release;
		};
		C268C5F31B2AFE9200E191DA /* Debug */ = {
			isa = XCBuildConfiguration;
			buildSettings = {
				BUNDLE_LOADER = "$(TEST_HOST)";
				FRAMEWORK_SEARCH_PATHS = (
					"$(SDKROOT)/Developer/Library/Frameworks",
					"$(inherited)",
				);
				GCC_PREPROCESSOR_DEFINITIONS = (
					"DEBUG=1",
					"$(inherited)",
				);
				INFOPLIST_FILE = KODemoTests/Info.plist;
				LD_RUNPATH_SEARCH_PATHS = "$(inherited) @executable_path/Frameworks @loader_path/Frameworks";
				PRODUCT_NAME = "$(TARGET_NAME)";
				TEST_HOST = "$(BUILT_PRODUCTS_DIR)/KODemo.app/KODemo";
			};
			name = Debug;
		};
		C268C5F41B2AFE9200E191DA /* Release */ = {
			isa = XCBuildConfiguration;
			buildSettings = {
				BUNDLE_LOADER = "$(TEST_HOST)";
				FRAMEWORK_SEARCH_PATHS = (
					"$(SDKROOT)/Developer/Library/Frameworks",
					"$(inherited)",
				);
				INFOPLIST_FILE = KODemoTests/Info.plist;
				LD_RUNPATH_SEARCH_PATHS = "$(inherited) @executable_path/Frameworks @loader_path/Frameworks";
				PRODUCT_NAME = "$(TARGET_NAME)";
				TEST_HOST = "$(BUILT_PRODUCTS_DIR)/KODemo.app/KODemo";
			};
			name = Release;
		};
/* End XCBuildConfiguration section */

/* Begin XCConfigurationList section */
		C268C5C91B2AFE9200E191DA /* Build configuration list for PBXProject "KODemo" */ = {
			isa = XCConfigurationList;
			buildConfigurations = (
				C268C5ED1B2AFE9200E191DA /* Debug */,
				C268C5EE1B2AFE9200E191DA /* Release */,
			);
			defaultConfigurationIsVisible = 0;
			defaultConfigurationName = Release;
		};
		C268C5EF1B2AFE9200E191DA /* Build configuration list for PBXNativeTarget "KODemo" */ = {
			isa = XCConfigurationList;
			buildConfigurations = (
				C268C5F01B2AFE9200E191DA /* Debug */,
				C268C5F11B2AFE9200E191DA /* Release */,
			);
			defaultConfigurationIsVisible = 0;
			defaultConfigurationName = Release;
		};
		C268C5F21B2AFE9200E191DA /* Build configuration list for PBXNativeTarget "KODemoTests" */ = {
			isa = XCConfigurationList;
			buildConfigurations = (
				C268C5F31B2AFE9200E191DA /* Debug */,
				C268C5F41B2AFE9200E191DA /* Release */,
			);
			defaultConfigurationIsVisible = 0;
			defaultConfigurationName = Release;
		};
/* End XCConfigurationList section */
	};
	rootObject = C268C5C61B2AFE9200E191DA /* Project object */;
}
